
Microsoft Visual Studio Solution File, Format Version 12.00
# Visual Studio Version 17
VisualStudioVersion = 17.9.34723.18
MinimumVisualStudioVersion = 10.0.40219.1
Project("{9A19103F-16F7-4668-BE54-9A1E7A4F7556}") = "WebApplication1", "WebApplication1\WebApplication1.csproj", "{46F1E0CE-571E-47A2-9EC5-CBB3DFDF9968}"
EndProject
Project("{54A90642-561A-4BB1-A94E-469ADEE60C69}") = "NodeConsoleApp1", "NodeConsoleApp1\NodeConsoleApp1.esproj", "{5D1D0990-71D1-429D-AE90-B588816E906E}"
EndProject
Project("{54A90642-561A-4BB1-A94E-469ADEE60C69}") = "reactproject2", "reactproject2\reactproject2.esproj", "{34C33D13-87E1-437A-A003-B9BFA86F723C}"
EndProject
Global
	GlobalSection(SolutionConfigurationPlatforms) = preSolution
		Debug|Any CPU = Debug|Any CPU
		Release|Any CPU = Release|Any CPU
	EndGlobalSection
	GlobalSection(ProjectConfigurationPlatforms) = postSolution
		{46F1E0CE-571E-47A2-9EC5-CBB3DFDF9968}.Debug|Any CPU.ActiveCfg = Debug|Any CPU
		{46F1E0CE-571E-47A2-9EC5-CBB3DFDF9968}.Debug|Any CPU.Build.0 = Debug|Any CPU
		{46F1E0CE-571E-47A2-9EC5-CBB3DFDF9968}.Release|Any CPU.ActiveCfg = Release|Any CPU
		{46F1E0CE-571E-47A2-9EC5-CBB3DFDF9968}.Release|Any CPU.Build.0 = Release|Any CPU
		{5D1D0990-71D1-429D-AE90-B588816E906E}.Debug|Any CPU.ActiveCfg = Debug|Any CPU
		{5D1D0990-71D1-429D-AE90-B588816E906E}.Debug|Any CPU.Build.0 = Debug|Any CPU
		{5D1D0990-71D1-429D-AE90-B588816E906E}.Debug|Any CPU.Deploy.0 = Debug|Any CPU
		{5D1D0990-71D1-429D-AE90-B588816E906E}.Release|Any CPU.ActiveCfg = Release|Any CPU
		{5D1D0990-71D1-429D-AE90-B588816E906E}.Release|Any CPU.Build.0 = Release|Any CPU
		{5D1D0990-71D1-429D-AE90-B588816E906E}.Release|Any CPU.Deploy.0 = Release|Any CPU
		{34C33D13-87E1-437A-A003-B9BFA86F723C}.Debug|Any CPU.ActiveCfg = Debug|Any CPU
		{34C33D13-87E1-437A-A003-B9BFA86F723C}.Debug|Any CPU.Build.0 = Debug|Any CPU
		{34C33D13-87E1-437A-A003-B9BFA86F723C}.Debug|Any CPU.Deploy.0 = Debug|Any CPU
		{34C33D13-87E1-437A-A003-B9BFA86F723C}.Release|Any CPU.ActiveCfg = Release|Any CPU
		{34C33D13-87E1-437A-A003-B9BFA86F723C}.Release|Any CPU.Build.0 = Release|Any CPU
		{34C33D13-87E1-437A-A003-B9BFA86F723C}.Release|Any CPU.Deploy.0 = Release|Any CPU
	EndGlobalSection
	GlobalSection(SolutionProperties) = preSolution
		HideSolutionNode = FALSE
	EndGlobalSection
	GlobalSection(ExtensibilityGlobals) = postSolution
		SolutionGuid = {BA58801D-856D-4554-8060-EEF694E41014}
	EndGlobalSection
EndGlobal
